
Microsoft Visual Studio Solution File, Format Version 12.00
# Visual Studio Version 16
VisualStudioVersion = 16.0.31613.86
MinimumVisualStudioVersion = 10.0.40219.1
Project("{FAE04EC0-301F-11D3-BF4B-00C04F79EFBC}") = "AzureSQL.LoadTests", "AzureSQL.LoadTests\AzureSQL.LoadTests.csproj", "{4BBBE7C3-97FC-4938-A746-ED3EA55EF792}"
EndProject
Project("{FAE04EC0-301F-11D3-BF4B-00C04F79EFBC}") = "AzureSQL.LoadTests.Console", "AzureSQL.LoadTests.Console\AzureSQL.LoadTests.Console.csproj", "{A05880B2-53C3-48E8-A5A1-0BBA1B41B325}"
EndProject
Global
	GlobalSection(SolutionConfigurationPlatforms) = preSolution
		Debug|Any CPU = Debug|Any CPU
		Release|Any CPU = Release|Any CPU
	EndGlobalSection
	GlobalSection(ProjectConfigurationPlatforms) = postSolution
		{4BBBE7C3-97FC-4938-A746-ED3EA55EF792}.Debug|Any CPU.ActiveCfg = Debug|Any CPU
		{4BBBE7C3-97FC-4938-A746-ED3EA55EF792}.Debug|Any CPU.Build.0 = Debug|Any CPU
		{4BBBE7C3-97FC-4938-A746-ED3EA55EF792}.Release|Any CPU.ActiveCfg = Release|Any CPU
		{4BBBE7C3-97FC-4938-A746-ED3EA55EF792}.Release|Any CPU.Build.0 = Release|Any CPU
		{A05880B2-53C3-48E8-A5A1-0BBA1B41B325}.Debug|Any CPU.ActiveCfg = Debug|Any CPU
		{A05880B2-53C3-48E8-A5A1-0BBA1B41B325}.Debug|Any CPU.Build.0 = Debug|Any CPU
		{A05880B2-53C3-48E8-A5A1-0BBA1B41B325}.Release|Any CPU.ActiveCfg = Release|Any CPU
		{A05880B2-53C3-48E8-A5A1-0BBA1B41B325}.Release|Any CPU.Build.0 = Release|Any CPU
	EndGlobalSection
	GlobalSection(SolutionProperties) = preSolution
		HideSolutionNode = FALSE
	EndGlobalSection
	GlobalSection(ExtensibilityGlobals) = postSolution
		SolutionGuid = {676521EF-963C-43BD-9AE6-9C44D94F2A4D}
	EndGlobalSection
EndGlobal
